
Microsoft Visual Studio Solution File, Format Version 12.00
# Visual Studio Version 16
VisualStudioVersion = 16.0.31321.278
MinimumVisualStudioVersion = 10.0.40219.1
Project("{FAE04EC0-301F-11D3-BF4B-00C04F79EFBC}") = "MvcNetCoreEF2022", "MvcNetCoreEF2022\MvcNetCoreEF2022.csproj", "{35E6334C-2FF9-477B-B26D-8A23F7B0B0B7}"
EndProject
Global
	GlobalSection(SolutionConfigurationPlatforms) = preSolution
		Debug|Any CPU = Debug|Any CPU
		Release|Any CPU = Release|Any CPU
	EndGlobalSection
	GlobalSection(ProjectConfigurationPlatforms) = postSolution
		{35E6334C-2FF9-477B-B26D-8A23F7B0B0B7}.Debug|Any CPU.ActiveCfg = Debug|Any CPU
		{35E6334C-2FF9-477B-B26D-8A23F7B0B0B7}.Debug|Any CPU.Build.0 = Debug|Any CPU
		{35E6334C-2FF9-477B-B26D-8A23F7B0B0B7}.Release|Any CPU.ActiveCfg = Release|Any CPU
		{35E6334C-2FF9-477B-B26D-8A23F7B0B0B7}.Release|Any CPU.Build.0 = Release|Any CPU
	EndGlobalSection
	GlobalSection(SolutionProperties) = preSolution
		HideSolutionNode = FALSE
	EndGlobalSection
	GlobalSection(ExtensibilityGlobals) = postSolution
		SolutionGuid = {CC87E274-7312-4433-BA85-F4BB2D03105D}
	EndGlobalSection
EndGlobal
